// !$*UTF8*$!
{
	archiveVersion = 1;
	classes = {
	};
	objectVersion = 56;
	objects = {

/* Begin PBXBuildFile section */
		2C15BC602A7FF61700E422D8 /* AppLogoColorSelector.swift in Sources */ = {isa = PBXBuildFile; fileRef = 2C15BC5F2A7FF61700E422D8 /* AppLogoColorSelector.swift */; };
		2C15BC622A7FF8A500E422D8 /* KamaalUtils in Frameworks */ = {isa = PBXBuildFile; productRef = 2C15BC612A7FF8A500E422D8 /* KamaalUtils */; };
		2C15BC642A7FF91000E422D8 /* KamaalExtensions in Frameworks */ = {isa = PBXBuildFile; productRef = 2C15BC632A7FF91000E422D8 /* KamaalExtensions */; };
		2C236B112A80095F00B40143 /* Shell+extensions.swift in Sources */ = {isa = PBXBuildFile; fileRef = 2C236B102A80095F00B40143 /* Shell+extensions.swift */; };
		2C243D7C2A7C452800CBE04B /* SelectCopyApp.swift in Sources */ = {isa = PBXBuildFile; fileRef = 2C243D7B2A7C452800CBE04B /* SelectCopyApp.swift */; };
		2C243D802A7C452900CBE04B /* Assets.xcassets in Resources */ = {isa = PBXBuildFile; fileRef = 2C243D7F2A7C452900CBE04B /* Assets.xcassets */; };
		2C243D832A7C452900CBE04B /* Preview Assets.xcassets in Resources */ = {isa = PBXBuildFile; fileRef = 2C243D822A7C452900CBE04B /* Preview Assets.xcassets */; };
		2C2D64262A81901500A1518D /* LICENSE in Resources */ = {isa = PBXBuildFile; fileRef = 2C2D64252A81901500A1518D /* LICENSE */; };
		2C318A932A80092100CA9B51 /* app-icon-generator in Resources */ = {isa = PBXBuildFile; fileRef = 2C318A922A80092100CA9B51 /* app-icon-generator */; };
		2C3AD8532A7FAB4400D624FB /* AppLogoCreatorScreen.swift in Sources */ = {isa = PBXBuildFile; fileRef = 2C3AD8522A7FAB4400D624FB /* AppLogoCreatorScreen.swift */; };
		2C4192AF2A7C46DF0037485A /* AppDelegate.swift in Sources */ = {isa = PBXBuildFile; fileRef = 2C4192AE2A7C46DF0037485A /* AppDelegate.swift */; };
		2C4192B12A7C46F10037485A /* Localizable.strings in Resources */ = {isa = PBXBuildFile; fileRef = 2C4192B02A7C46F10037485A /* Localizable.strings */; };
		2C4192B32A7C486A0037485A /* AXUIElement+extensions.swift in Sources */ = {isa = PBXBuildFile; fileRef = 2C4192B22A7C486A0037485A /* AXUIElement+extensions.swift */; };
		2C44EA612A817B2C00917C97 /* DispatchQueues.swift in Sources */ = {isa = PBXBuildFile; fileRef = 2C44EA602A817B2C00917C97 /* DispatchQueues.swift */; };
		2C4B38402A7FF5AD00CF5EBC /* AppLogoColorFormRow.swift in Sources */ = {isa = PBXBuildFile; fileRef = 2C4B383F2A7FF5AD00CF5EBC /* AppLogoColorFormRow.swift */; };
		2C4DC8C02A7FAED8007501E5 /* AppLogo.swift in Sources */ = {isa = PBXBuildFile; fileRef = 2C4DC8BF2A7FAED8007501E5 /* AppLogo.swift */; };
		2C662D782A96827E0071CDB8 /* AXTextMarkerRangeSplunker.m in Sources */ = {isa = PBXBuildFile; fileRef = 2C662D772A96827E0071CDB8 /* AXTextMarkerRangeSplunker.m */; };
		2C683B9D2A7ED26E008C8D21 /* AppSettingsScreen.swift in Sources */ = {isa = PBXBuildFile; fileRef = 2C683B9C2A7ED26E008C8D21 /* AppSettingsScreen.swift */; };
		2C683B9F2A7ED31A008C8D21 /* KamaalSettings in Frameworks */ = {isa = PBXBuildFile; productRef = 2C683B9E2A7ED31A008C8D21 /* KamaalSettings */; };
		2C714D362A7FA687004796F5 /* PlaygroundApp.swift in Sources */ = {isa = PBXBuildFile; fileRef = 2C714D352A7FA687004796F5 /* PlaygroundApp.swift */; };
		2C714D382A7FA687004796F5 /* ContentView.swift in Sources */ = {isa = PBXBuildFile; fileRef = 2C714D372A7FA687004796F5 /* ContentView.swift */; };
		2C714D3D2A7FA688004796F5 /* Preview Assets.xcassets in Resources */ = {isa = PBXBuildFile; fileRef = 2C714D3C2A7FA688004796F5 /* Preview Assets.xcassets */; };
		2C7FAF1C2A7FAC81005C932F /* WideNavigationLink.swift in Sources */ = {isa = PBXBuildFile; fileRef = 2C7FAF1B2A7FAC81005C932F /* WideNavigationLink.swift */; };
		2C7FAF1D2A7FAE30005C932F /* Assets.xcassets in Resources */ = {isa = PBXBuildFile; fileRef = 2C243D7F2A7C452900CBE04B /* Assets.xcassets */; };
		2CC5FF392A7FAC23004FB0C4 /* PlaygroundNavigationButton.swift in Sources */ = {isa = PBXBuildFile; fileRef = 2CC5FF382A7FAC23004FB0C4 /* PlaygroundNavigationButton.swift */; };
		2CCDF51C2A7EEA1C0028900C /* UserData.swift in Sources */ = {isa = PBXBuildFile; fileRef = 2CCDF51B2A7EEA1C0028900C /* UserData.swift */; };
		2CDF1D532A7EF73200C3C60E /* TextHighlightObserver.swift in Sources */ = {isa = PBXBuildFile; fileRef = 2CDF1D522A7EF73200C3C60E /* TextHighlightObserver.swift */; };
		2CE09A392A7FAAA700F63BC4 /* KamaalUI in Frameworks */ = {isa = PBXBuildFile; productRef = 2CE09A382A7FAAA700F63BC4 /* KamaalUI */; };
		2CF89D0D2A80285D0062E08A /* UserDefaults.swift in Sources */ = {isa = PBXBuildFile; fileRef = 2CF89D0C2A80285D0062E08A /* UserDefaults.swift */; };
		2CF89D0F2A802A1F0062E08A /* KamaalUtils in Frameworks */ = {isa = PBXBuildFile; productRef = 2CF89D0E2A802A1F0062E08A /* KamaalUtils */; };
		2CFB4E982A7FAB6D006F113B /* Screens.swift in Sources */ = {isa = PBXBuildFile; fileRef = 2CFB4E972A7FAB6D006F113B /* Screens.swift */; };
/* End PBXBuildFile section */

/* Begin PBXFileReference section */
		2C15BC5F2A7FF61700E422D8 /* AppLogoColorSelector.swift */ = {isa = PBXFileReference; fileEncoding = 4; lastKnownFileType = sourcecode.swift; path = AppLogoColorSelector.swift; sourceTree = "<group>"; };
		2C236B102A80095F00B40143 /* Shell+extensions.swift */ = {isa = PBXFileReference; fileEncoding = 4; lastKnownFileType = sourcecode.swift; path = "Shell+extensions.swift"; sourceTree = "<group>"; };
		2C243D782A7C452800CBE04B /* SelectCopy.app */ = {isa = PBXFileReference; explicitFileType = wrapper.application; includeInIndex = 0; path = SelectCopy.app; sourceTree = BUILT_PRODUCTS_DIR; };
		2C243D7B2A7C452800CBE04B /* SelectCopyApp.swift */ = {isa = PBXFileReference; lastKnownFileType = sourcecode.swift; path = SelectCopyApp.swift; sourceTree = "<group>"; };
		2C243D7F2A7C452900CBE04B /* Assets.xcassets */ = {isa = PBXFileReference; lastKnownFileType = folder.assetcatalog; path = Assets.xcassets; sourceTree = "<group>"; };
		2C243D822A7C452900CBE04B /* Preview Assets.xcassets */ = {isa = PBXFileReference; lastKnownFileType = folder.assetcatalog; path = "Preview Assets.xcassets"; sourceTree = "<group>"; };
		2C243D842A7C452900CBE04B /* SelectCopy.entitlements */ = {isa = PBXFileReference; lastKnownFileType = text.plist.entitlements; path = SelectCopy.entitlements; sourceTree = "<group>"; };
		2C2D5FDA2A88ED8F00BCCCC4 /* SelectCopy-Bridging-Header.h */ = {isa = PBXFileReference; lastKnownFileType = sourcecode.c.h; path = "SelectCopy-Bridging-Header.h"; sourceTree = "<group>"; };
		2C2D64252A81901500A1518D /* LICENSE */ = {isa = PBXFileReference; fileEncoding = 4; lastKnownFileType = text; path = LICENSE; sourceTree = "<group>"; };
		2C2D64272A81902400A1518D /* Brewfile */ = {isa = PBXFileReference; lastKnownFileType = text; path = Brewfile; sourceTree = "<group>"; };
		2C318A922A80092100CA9B51 /* app-icon-generator */ = {isa = PBXFileReference; lastKnownFileType = "compiled.mach-o.executable"; path = "app-icon-generator"; sourceTree = "<group>"; };
		2C3AD8522A7FAB4400D624FB /* AppLogoCreatorScreen.swift */ = {isa = PBXFileReference; fileEncoding = 4; lastKnownFileType = sourcecode.swift; path = AppLogoCreatorScreen.swift; sourceTree = "<group>"; };
		2C4192AE2A7C46DF0037485A /* AppDelegate.swift */ = {isa = PBXFileReference; fileEncoding = 4; lastKnownFileType = sourcecode.swift; path = AppDelegate.swift; sourceTree = "<group>"; };
		2C4192B02A7C46F10037485A /* Localizable.strings */ = {isa = PBXFileReference; fileEncoding = 4; lastKnownFileType = text.plist.strings; path = Localizable.strings; sourceTree = "<group>"; };
		2C4192B22A7C486A0037485A /* AXUIElement+extensions.swift */ = {isa = PBXFileReference; lastKnownFileType = sourcecode.swift; path = "AXUIElement+extensions.swift"; sourceTree = "<group>"; };
		2C44EA602A817B2C00917C97 /* DispatchQueues.swift */ = {isa = PBXFileReference; fileEncoding = 4; lastKnownFileType = sourcecode.swift; path = DispatchQueues.swift; sourceTree = "<group>"; };
		2C4B383F2A7FF5AD00CF5EBC /* AppLogoColorFormRow.swift */ = {isa = PBXFileReference; fileEncoding = 4; lastKnownFileType = sourcecode.swift; path = AppLogoColorFormRow.swift; sourceTree = "<group>"; };
		2C4DC8BF2A7FAED8007501E5 /* AppLogo.swift */ = {isa = PBXFileReference; fileEncoding = 4; lastKnownFileType = sourcecode.swift; path = AppLogo.swift; sourceTree = "<group>"; };
		2C662D762A9682310071CDB8 /* AXTextMarkerRangeSplunker.h */ = {isa = PBXFileReference; lastKnownFileType = sourcecode.c.h; path = AXTextMarkerRangeSplunker.h; sourceTree = "<group>"; };
		2C662D772A96827E0071CDB8 /* AXTextMarkerRangeSplunker.m */ = {isa = PBXFileReference; lastKnownFileType = sourcecode.c.objc; path = AXTextMarkerRangeSplunker.m; sourceTree = "<group>"; };
		2C683B9C2A7ED26E008C8D21 /* AppSettingsScreen.swift */ = {isa = PBXFileReference; lastKnownFileType = sourcecode.swift; path = AppSettingsScreen.swift; sourceTree = "<group>"; };
		2C714D332A7FA687004796F5 /* Playground.app */ = {isa = PBXFileReference; explicitFileType = wrapper.application; includeInIndex = 0; path = Playground.app; sourceTree = BUILT_PRODUCTS_DIR; };
		2C714D352A7FA687004796F5 /* PlaygroundApp.swift */ = {isa = PBXFileReference; lastKnownFileType = sourcecode.swift; path = PlaygroundApp.swift; sourceTree = "<group>"; };
		2C714D372A7FA687004796F5 /* ContentView.swift */ = {isa = PBXFileReference; lastKnownFileType = sourcecode.swift; path = ContentView.swift; sourceTree = "<group>"; };
		2C714D3C2A7FA688004796F5 /* Preview Assets.xcassets */ = {isa = PBXFileReference; lastKnownFileType = folder.assetcatalog; path = "Preview Assets.xcassets"; sourceTree = "<group>"; };
		2C714D3E2A7FA688004796F5 /* Playground.entitlements */ = {isa = PBXFileReference; lastKnownFileType = text.plist.entitlements; path = Playground.entitlements; sourceTree = "<group>"; };
		2C7FAF1B2A7FAC81005C932F /* WideNavigationLink.swift */ = {isa = PBXFileReference; fileEncoding = 4; lastKnownFileType = sourcecode.swift; path = WideNavigationLink.swift; sourceTree = "<group>"; };
		2CC5FF382A7FAC23004FB0C4 /* PlaygroundNavigationButton.swift */ = {isa = PBXFileReference; fileEncoding = 4; lastKnownFileType = sourcecode.swift; path = PlaygroundNavigationButton.swift; sourceTree = "<group>"; };
		2CCDF51B2A7EEA1C0028900C /* UserData.swift */ = {isa = PBXFileReference; lastKnownFileType = sourcecode.swift; path = UserData.swift; sourceTree = "<group>"; };
		2CDF1D4D2A7EEDA100C3C60E /* README.md */ = {isa = PBXFileReference; lastKnownFileType = net.daringfireball.markdown; path = README.md; sourceTree = "<group>"; };
		2CDF1D4E2A7EEEAF00C3C60E /* justfile */ = {isa = PBXFileReference; lastKnownFileType = text; path = justfile; sourceTree = "<group>"; };
		2CDF1D4F2A7EEEB900C3C60E /* package.json */ = {isa = PBXFileReference; lastKnownFileType = text.json; path = package.json; sourceTree = "<group>"; };
		2CDF1D522A7EF73200C3C60E /* TextHighlightObserver.swift */ = {isa = PBXFileReference; lastKnownFileType = sourcecode.swift; path = TextHighlightObserver.swift; sourceTree = "<group>"; };
		2CF89D0C2A80285D0062E08A /* UserDefaults.swift */ = {isa = PBXFileReference; fileEncoding = 4; lastKnownFileType = sourcecode.swift; path = UserDefaults.swift; sourceTree = "<group>"; };
		2CFB4E972A7FAB6D006F113B /* Screens.swift */ = {isa = PBXFileReference; fileEncoding = 4; lastKnownFileType = sourcecode.swift; path = Screens.swift; sourceTree = "<group>"; };
		5F2CEB2B20BC04200806B969 /* libPods-SelectCopy.a */ = {isa = PBXFileReference; explicitFileType = archive.ar; includeInIndex = 0; path = "libPods-SelectCopy.a"; sourceTree = BUILT_PRODUCTS_DIR; };
/* End PBXFileReference section */

/* Begin PBXFrameworksBuildPhase section */
		2C243D752A7C452800CBE04B /* Frameworks */ = {
			isa = PBXFrameworksBuildPhase;
			buildActionMask = 2147483647;
			files = (
				2CF89D0F2A802A1F0062E08A /* KamaalUtils in Frameworks */,
				2C683B9F2A7ED31A008C8D21 /* KamaalSettings in Frameworks */,
			);
			runOnlyForDeploymentPostprocessing = 0;
		};
		2C714D302A7FA687004796F5 /* Frameworks */ = {
			isa = PBXFrameworksBuildPhase;
			buildActionMask = 2147483647;
			files = (
				2C15BC642A7FF91000E422D8 /* KamaalExtensions in Frameworks */,
				2CE09A392A7FAAA700F63BC4 /* KamaalUI in Frameworks */,
				2C15BC622A7FF8A500E422D8 /* KamaalUtils in Frameworks */,
			);
			runOnlyForDeploymentPostprocessing = 0;
		};
/* End PBXFrameworksBuildPhase section */

/* Begin PBXGroup section */
		2C243D6F2A7C452800CBE04B = {
			isa = PBXGroup;
			children = (
				2C2D64272A81902400A1518D /* Brewfile */,
				2CDF1D4E2A7EEEAF00C3C60E /* justfile */,
				2C2D64252A81901500A1518D /* LICENSE */,
				2CDF1D4F2A7EEEB900C3C60E /* package.json */,
				2CDF1D4D2A7EEDA100C3C60E /* README.md */,
				52DD34BFCA8501D27F7A61F4 /* Frameworks */,
				2C714D342A7FA687004796F5 /* Playground */,
				2C243D792A7C452800CBE04B /* Products */,
				2C243D7A2A7C452800CBE04B /* SelectCopy */,
			);
			sourceTree = "<group>";
		};
		2C243D792A7C452800CBE04B /* Products */ = {
			isa = PBXGroup;
			children = (
				2C243D782A7C452800CBE04B /* SelectCopy.app */,
				2C714D332A7FA687004796F5 /* Playground.app */,
			);
			name = Products;
			sourceTree = "<group>";
		};
		2C243D7A2A7C452800CBE04B /* SelectCopy */ = {
			isa = PBXGroup;
			children = (
				2C243D842A7C452900CBE04B /* SelectCopy.entitlements */,
				2C662D762A9682310071CDB8 /* AXTextMarkerRangeSplunker.h */,
				2C2D5FDA2A88ED8F00BCCCC4 /* SelectCopy-Bridging-Header.h */,
				2C662D772A96827E0071CDB8 /* AXTextMarkerRangeSplunker.m */,
				2C4192B02A7C46F10037485A /* Localizable.strings */,
				2C4192AE2A7C46DF0037485A /* AppDelegate.swift */,
				2C683B9C2A7ED26E008C8D21 /* AppSettingsScreen.swift */,
				2C4192B22A7C486A0037485A /* AXUIElement+extensions.swift */,
				2C44EA602A817B2C00917C97 /* DispatchQueues.swift */,
				2C243D7B2A7C452800CBE04B /* SelectCopyApp.swift */,
				2CDF1D522A7EF73200C3C60E /* TextHighlightObserver.swift */,
				2CCDF51B2A7EEA1C0028900C /* UserData.swift */,
				2CF89D0C2A80285D0062E08A /* UserDefaults.swift */,
				2C243D7F2A7C452900CBE04B /* Assets.xcassets */,
				2C243D812A7C452900CBE04B /* Preview Content */,
			);
			path = SelectCopy;
			sourceTree = "<group>";
		};
		2C243D812A7C452900CBE04B /* Preview Content */ = {
			isa = PBXGroup;
			children = (
				2C243D822A7C452900CBE04B /* Preview Assets.xcassets */,
			);
			path = "Preview Content";
			sourceTree = "<group>";
		};
		2C318A912A8008AE00CA9B51 /* Resources */ = {
			isa = PBXGroup;
			children = (
				2C318A922A80092100CA9B51 /* app-icon-generator */,
			);
			path = Resources;
			sourceTree = "<group>";
		};
		2C318A942A80093300CA9B51 /* Extensions */ = {
			isa = PBXGroup;
			children = (
				2C236B102A80095F00B40143 /* Shell+extensions.swift */,
			);
			path = Extensions;
			sourceTree = "<group>";
		};
		2C714D342A7FA687004796F5 /* Playground */ = {
			isa = PBXGroup;
			children = (
				2C714D3E2A7FA688004796F5 /* Playground.entitlements */,
				2C4DC8BF2A7FAED8007501E5 /* AppLogo.swift */,
				2C714D372A7FA687004796F5 /* ContentView.swift */,
				2C714D352A7FA687004796F5 /* PlaygroundApp.swift */,
				2CFB4E972A7FAB6D006F113B /* Screens.swift */,
				2C318A942A80093300CA9B51 /* Extensions */,
				2C714D3B2A7FA688004796F5 /* Preview Content */,
				2C318A912A8008AE00CA9B51 /* Resources */,
				2CE09A3A2A7FAAC100F63BC4 /* Views */,
			);
			path = Playground;
			sourceTree = "<group>";
		};
		2C714D3B2A7FA688004796F5 /* Preview Content */ = {
			isa = PBXGroup;
			children = (
				2C714D3C2A7FA688004796F5 /* Preview Assets.xcassets */,
			);
			path = "Preview Content";
			sourceTree = "<group>";
		};
		2CE09A3A2A7FAAC100F63BC4 /* Views */ = {
			isa = PBXGroup;
			children = (
				2CE09A3B2A7FAAC600F63BC4 /* Screens */,
				2CFB4E992A7FABBB006F113B /* SupportingViews */,
			);
			path = Views;
			sourceTree = "<group>";
		};
		2CE09A3B2A7FAAC600F63BC4 /* Screens */ = {
			isa = PBXGroup;
			children = (
				2C3AD8522A7FAB4400D624FB /* AppLogoCreatorScreen.swift */,
			);
			path = Screens;
			sourceTree = "<group>";
		};
		2CFB4E992A7FABBB006F113B /* SupportingViews */ = {
			isa = PBXGroup;
			children = (
				2C4B383F2A7FF5AD00CF5EBC /* AppLogoColorFormRow.swift */,
				2C15BC5F2A7FF61700E422D8 /* AppLogoColorSelector.swift */,
				2CC5FF382A7FAC23004FB0C4 /* PlaygroundNavigationButton.swift */,
				2C7FAF1B2A7FAC81005C932F /* WideNavigationLink.swift */,
			);
			path = SupportingViews;
			sourceTree = "<group>";
		};
		52DD34BFCA8501D27F7A61F4 /* Frameworks */ = {
			isa = PBXGroup;
			children = (
				5F2CEB2B20BC04200806B969 /* libPods-SelectCopy.a */,
			);
			name = Frameworks;
			sourceTree = "<group>";
		};
/* End PBXGroup section */

/* Begin PBXNativeTarget section */
		2C243D772A7C452800CBE04B /* SelectCopy */ = {
			isa = PBXNativeTarget;
			buildConfigurationList = 2C243D872A7C452900CBE04B /* Build configuration list for PBXNativeTarget "SelectCopy" */;
			buildPhases = (
				2C243D742A7C452800CBE04B /* Sources */,
				2C243D752A7C452800CBE04B /* Frameworks */,
				2C243D762A7C452800CBE04B /* Resources */,
			);
			buildRules = (
			);
			dependencies = (
			);
			name = SelectCopy;
			packageProductDependencies = (
				2C683B9E2A7ED31A008C8D21 /* KamaalSettings */,
				2CF89D0E2A802A1F0062E08A /* KamaalUtils */,
			);
			productName = SelectCopy;
			productReference = 2C243D782A7C452800CBE04B /* SelectCopy.app */;
			productType = "com.apple.product-type.application";
		};
		2C714D322A7FA687004796F5 /* Playground */ = {
			isa = PBXNativeTarget;
			buildConfigurationList = 2C714D412A7FA688004796F5 /* Build configuration list for PBXNativeTarget "Playground" */;
			buildPhases = (
				2C714D2F2A7FA687004796F5 /* Sources */,
				2C714D302A7FA687004796F5 /* Frameworks */,
				2C714D312A7FA687004796F5 /* Resources */,
			);
			buildRules = (
			);
			dependencies = (
			);
			name = Playground;
			packageProductDependencies = (
				2CE09A382A7FAAA700F63BC4 /* KamaalUI */,
				2C15BC612A7FF8A500E422D8 /* KamaalUtils */,
				2C15BC632A7FF91000E422D8 /* KamaalExtensions */,
			);
			productName = Playground;
			productReference = 2C714D332A7FA687004796F5 /* Playground.app */;
			productType = "com.apple.product-type.application";
		};
/* End PBXNativeTarget section */

/* Begin PBXProject section */
		2C243D702A7C452800CBE04B /* Project object */ = {
			isa = PBXProject;
			attributes = {
				BuildIndependentTargetsInParallel = 1;
				LastSwiftUpdateCheck = 1430;
				LastUpgradeCheck = 1430;
				TargetAttributes = {
					2C243D772A7C452800CBE04B = {
						CreatedOnToolsVersion = 14.3.1;
						LastSwiftMigration = 1500;
					};
					2C714D322A7FA687004796F5 = {
						CreatedOnToolsVersion = 14.3.1;
					};
				};
			};
			buildConfigurationList = 2C243D732A7C452800CBE04B /* Build configuration list for PBXProject "SelectCopy" */;
			compatibilityVersion = "Xcode 14.0";
			developmentRegion = en;
			hasScannedForEncodings = 0;
			knownRegions = (
				en,
				Base,
			);
			mainGroup = 2C243D6F2A7C452800CBE04B;
			packageReferences = (
				2CA4D3ED2A7EAF3C005FAD6D /* XCRemoteSwiftPackageReference "KamaalSwift" */,
			);
			productRefGroup = 2C243D792A7C452800CBE04B /* Products */;
			projectDirPath = "";
			projectRoot = "";
			targets = (
				2C243D772A7C452800CBE04B /* SelectCopy */,
				2C714D322A7FA687004796F5 /* Playground */,
			);
		};
/* End PBXProject section */

/* Begin PBXResourcesBuildPhase section */
		2C243D762A7C452800CBE04B /* Resources */ = {
			isa = PBXResourcesBuildPhase;
			buildActionMask = 2147483647;
			files = (
				2C243D832A7C452900CBE04B /* Preview Assets.xcassets in Resources */,
				2C4192B12A7C46F10037485A /* Localizable.strings in Resources */,
				2C2D64262A81901500A1518D /* LICENSE in Resources */,
				2C243D802A7C452900CBE04B /* Assets.xcassets in Resources */,
			);
			runOnlyForDeploymentPostprocessing = 0;
		};
		2C714D312A7FA687004796F5 /* Resources */ = {
			isa = PBXResourcesBuildPhase;
			buildActionMask = 2147483647;
			files = (
				2C7FAF1D2A7FAE30005C932F /* Assets.xcassets in Resources */,
				2C318A932A80092100CA9B51 /* app-icon-generator in Resources */,
				2C714D3D2A7FA688004796F5 /* Preview Assets.xcassets in Resources */,
			);
			runOnlyForDeploymentPostprocessing = 0;
		};
/* End PBXResourcesBuildPhase section */

/* Begin PBXSourcesBuildPhase section */
		2C243D742A7C452800CBE04B /* Sources */ = {
			isa = PBXSourcesBuildPhase;
			buildActionMask = 2147483647;
			files = (
				2C683B9D2A7ED26E008C8D21 /* AppSettingsScreen.swift in Sources */,
				2C4192AF2A7C46DF0037485A /* AppDelegate.swift in Sources */,
				2CDF1D532A7EF73200C3C60E /* TextHighlightObserver.swift in Sources */,
				2C243D7C2A7C452800CBE04B /* SelectCopyApp.swift in Sources */,
				2CCDF51C2A7EEA1C0028900C /* UserData.swift in Sources */,
				2C662D782A96827E0071CDB8 /* AXTextMarkerRangeSplunker.m in Sources */,
				2CF89D0D2A80285D0062E08A /* UserDefaults.swift in Sources */,
				2C4192B32A7C486A0037485A /* AXUIElement+extensions.swift in Sources */,
				2C44EA612A817B2C00917C97 /* DispatchQueues.swift in Sources */,
			);
			runOnlyForDeploymentPostprocessing = 0;
		};
		2C714D2F2A7FA687004796F5 /* Sources */ = {
			isa = PBXSourcesBuildPhase;
			buildActionMask = 2147483647;
			files = (
				2C15BC602A7FF61700E422D8 /* AppLogoColorSelector.swift in Sources */,
				2CC5FF392A7FAC23004FB0C4 /* PlaygroundNavigationButton.swift in Sources */,
				2C4B38402A7FF5AD00CF5EBC /* AppLogoColorFormRow.swift in Sources */,
				2C714D382A7FA687004796F5 /* ContentView.swift in Sources */,
				2C236B112A80095F00B40143 /* Shell+extensions.swift in Sources */,
				2C4DC8C02A7FAED8007501E5 /* AppLogo.swift in Sources */,
				2C3AD8532A7FAB4400D624FB /* AppLogoCreatorScreen.swift in Sources */,
				2C714D362A7FA687004796F5 /* PlaygroundApp.swift in Sources */,
				2C7FAF1C2A7FAC81005C932F /* WideNavigationLink.swift in Sources */,
				2CFB4E982A7FAB6D006F113B /* Screens.swift in Sources */,
			);
			runOnlyForDeploymentPostprocessing = 0;
		};
/* End PBXSourcesBuildPhase section */

/* Begin XCBuildConfiguration section */
		2C243D852A7C452900CBE04B /* Debug */ = {
			isa = XCBuildConfiguration;
			buildSettings = {
				ALWAYS_SEARCH_USER_PATHS = NO;
				CLANG_ANALYZER_NONNULL = YES;
				CLANG_ANALYZER_NUMBER_OBJECT_CONVERSION = YES_AGGRESSIVE;
				CLANG_CXX_LANGUAGE_STANDARD = "gnu++20";
				CLANG_ENABLE_MODULES = YES;
				CLANG_ENABLE_OBJC_ARC = YES;
				CLANG_ENABLE_OBJC_WEAK = YES;
				CLANG_WARN_BLOCK_CAPTURE_AUTORELEASING = YES;
				CLANG_WARN_BOOL_CONVERSION = YES;
				CLANG_WARN_COMMA = YES;
				CLANG_WARN_CONSTANT_CONVERSION = YES;
				CLANG_WARN_DEPRECATED_OBJC_IMPLEMENTATIONS = YES;
				CLANG_WARN_DIRECT_OBJC_ISA_USAGE = YES_ERROR;
				CLANG_WARN_DOCUMENTATION_COMMENTS = YES;
				CLANG_WARN_EMPTY_BODY = YES;
				CLANG_WARN_ENUM_CONVERSION = YES;
				CLANG_WARN_INFINITE_RECURSION = YES;
				CLANG_WARN_INT_CONVERSION = YES;
				CLANG_WARN_NON_LITERAL_NULL_CONVERSION = YES;
				CLANG_WARN_OBJC_IMPLICIT_RETAIN_SELF = YES;
				CLANG_WARN_OBJC_LITERAL_CONVERSION = YES;
				CLANG_WARN_OBJC_ROOT_CLASS = YES_ERROR;
				CLANG_WARN_QUOTED_INCLUDE_IN_FRAMEWORK_HEADER = YES;
				CLANG_WARN_RANGE_LOOP_ANALYSIS = YES;
				CLANG_WARN_STRICT_PROTOTYPES = YES;
				CLANG_WARN_SUSPICIOUS_MOVE = YES;
				CLANG_WARN_UNGUARDED_AVAILABILITY = YES_AGGRESSIVE;
				CLANG_WARN_UNREACHABLE_CODE = YES;
				CLANG_WARN__DUPLICATE_METHOD_MATCH = YES;
				COPY_PHASE_STRIP = NO;
				DEBUG_INFORMATION_FORMAT = dwarf;
				ENABLE_STRICT_OBJC_MSGSEND = YES;
				ENABLE_TESTABILITY = YES;
				GCC_C_LANGUAGE_STANDARD = gnu11;
				GCC_DYNAMIC_NO_PIC = NO;
				GCC_NO_COMMON_BLOCKS = YES;
				GCC_OPTIMIZATION_LEVEL = 0;
				GCC_PREPROCESSOR_DEFINITIONS = (
					"DEBUG=1",
					"$(inherited)",
				);
				GCC_WARN_64_TO_32_BIT_CONVERSION = YES;
				GCC_WARN_ABOUT_RETURN_TYPE = YES_ERROR;
				GCC_WARN_UNDECLARED_SELECTOR = YES;
				GCC_WARN_UNINITIALIZED_AUTOS = YES_AGGRESSIVE;
				GCC_WARN_UNUSED_FUNCTION = YES;
				GCC_WARN_UNUSED_VARIABLE = YES;
				MACOSX_DEPLOYMENT_TARGET = 13.3;
				MTL_ENABLE_DEBUG_INFO = INCLUDE_SOURCE;
				MTL_FAST_MATH = YES;
				ONLY_ACTIVE_ARCH = YES;
				SDKROOT = macosx;
				SWIFT_ACTIVE_COMPILATION_CONDITIONS = DEBUG;
				SWIFT_OPTIMIZATION_LEVEL = "-Onone";
			};
			name = Debug;
		};
		2C243D862A7C452900CBE04B /* Release */ = {
			isa = XCBuildConfiguration;
			buildSettings = {
				ALWAYS_SEARCH_USER_PATHS = NO;
				CLANG_ANALYZER_NONNULL = YES;
				CLANG_ANALYZER_NUMBER_OBJECT_CONVERSION = YES_AGGRESSIVE;
				CLANG_CXX_LANGUAGE_STANDARD = "gnu++20";
				CLANG_ENABLE_MODULES = YES;
				CLANG_ENABLE_OBJC_ARC = YES;
				CLANG_ENABLE_OBJC_WEAK = YES;
				CLANG_WARN_BLOCK_CAPTURE_AUTORELEASING = YES;
				CLANG_WARN_BOOL_CONVERSION = YES;
				CLANG_WARN_COMMA = YES;
				CLANG_WARN_CONSTANT_CONVERSION = YES;
				CLANG_WARN_DEPRECATED_OBJC_IMPLEMENTATIONS = YES;
				CLANG_WARN_DIRECT_OBJC_ISA_USAGE = YES_ERROR;
				CLANG_WARN_DOCUMENTATION_COMMENTS = YES;
				CLANG_WARN_EMPTY_BODY = YES;
				CLANG_WARN_ENUM_CONVERSION = YES;
				CLANG_WARN_INFINITE_RECURSION = YES;
				CLANG_WARN_INT_CONVERSION = YES;
				CLANG_WARN_NON_LITERAL_NULL_CONVERSION = YES;
				CLANG_WARN_OBJC_IMPLICIT_RETAIN_SELF = YES;
				CLANG_WARN_OBJC_LITERAL_CONVERSION = YES;
				CLANG_WARN_OBJC_ROOT_CLASS = YES_ERROR;
				CLANG_WARN_QUOTED_INCLUDE_IN_FRAMEWORK_HEADER = YES;
				CLANG_WARN_RANGE_LOOP_ANALYSIS = YES;
				CLANG_WARN_STRICT_PROTOTYPES = YES;
				CLANG_WARN_SUSPICIOUS_MOVE = YES;
				CLANG_WARN_UNGUARDED_AVAILABILITY = YES_AGGRESSIVE;
				CLANG_WARN_UNREACHABLE_CODE = YES;
				CLANG_WARN__DUPLICATE_METHOD_MATCH = YES;
				COPY_PHASE_STRIP = NO;
				DEBUG_INFORMATION_FORMAT = "dwarf-with-dsym";
				ENABLE_NS_ASSERTIONS = NO;
				ENABLE_STRICT_OBJC_MSGSEND = YES;
				GCC_C_LANGUAGE_STANDARD = gnu11;
				GCC_NO_COMMON_BLOCKS = YES;
				GCC_WARN_64_TO_32_BIT_CONVERSION = YES;
				GCC_WARN_ABOUT_RETURN_TYPE = YES_ERROR;
				GCC_WARN_UNDECLARED_SELECTOR = YES;
				GCC_WARN_UNINITIALIZED_AUTOS = YES_AGGRESSIVE;
				GCC_WARN_UNUSED_FUNCTION = YES;
				GCC_WARN_UNUSED_VARIABLE = YES;
				MACOSX_DEPLOYMENT_TARGET = 13.3;
				MTL_ENABLE_DEBUG_INFO = NO;
				MTL_FAST_MATH = YES;
				SDKROOT = macosx;
				SWIFT_COMPILATION_MODE = wholemodule;
				SWIFT_OPTIMIZATION_LEVEL = "-O";
			};
			name = Release;
		};
		2C243D882A7C452900CBE04B /* Debug */ = {
			isa = XCBuildConfiguration;
			buildSettings = {
				ASSETCATALOG_COMPILER_APPICON_NAME = AppIcon;
				ASSETCATALOG_COMPILER_GLOBAL_ACCENT_COLOR_NAME = AccentColor;
				CLANG_ENABLE_MODULES = YES;
				CODE_SIGN_ENTITLEMENTS = SelectCopy/SelectCopy.entitlements;
				CODE_SIGN_STYLE = Automatic;
				COMBINE_HIDPI_IMAGES = YES;
				CURRENT_PROJECT_VERSION = 1;
				DEVELOPMENT_ASSET_PATHS = "\"SelectCopy/Preview Content\"";
				DEVELOPMENT_TEAM = DXUKH9VF73;
				ENABLE_HARDENED_RUNTIME = YES;
				ENABLE_PREVIEWS = YES;
				GENERATE_INFOPLIST_FILE = YES;
				INFOPLIST_KEY_LSApplicationCategoryType = "public.app-category.utilities";
				INFOPLIST_KEY_LSUIElement = YES;
				INFOPLIST_KEY_NSHumanReadableCopyright = "";
				LD_RUNPATH_SEARCH_PATHS = (
					"$(inherited)",
					"@executable_path/../Frameworks",
				);
				MARKETING_VERSION = 1.0;
				PRODUCT_BUNDLE_IDENTIFIER = io.kamaal.SelectCopy;
				PRODUCT_NAME = "$(TARGET_NAME)";
				SWIFT_EMIT_LOC_STRINGS = YES;
				SWIFT_OBJC_BRIDGING_HEADER = "SelectCopy/SelectCopy-Bridging-Header.h";
				SWIFT_OPTIMIZATION_LEVEL = "-Onone";
				SWIFT_VERSION = 5.0;
			};
			name = Debug;
		};
		2C243D892A7C452900CBE04B /* Release */ = {
			isa = XCBuildConfiguration;
			buildSettings = {
				ASSETCATALOG_COMPILER_APPICON_NAME = AppIcon;
				ASSETCATALOG_COMPILER_GLOBAL_ACCENT_COLOR_NAME = AccentColor;
				CLANG_ENABLE_MODULES = YES;
				CODE_SIGN_ENTITLEMENTS = SelectCopy/SelectCopy.entitlements;
				CODE_SIGN_STYLE = Automatic;
				COMBINE_HIDPI_IMAGES = YES;
				CURRENT_PROJECT_VERSION = 1;
				DEVELOPMENT_ASSET_PATHS = "\"SelectCopy/Preview Content\"";
				DEVELOPMENT_TEAM = DXUKH9VF73;
				ENABLE_HARDENED_RUNTIME = YES;
				ENABLE_PREVIEWS = YES;
				GENERATE_INFOPLIST_FILE = YES;
				INFOPLIST_KEY_LSApplicationCategoryType = "public.app-category.utilities";
				INFOPLIST_KEY_LSUIElement = YES;
				INFOPLIST_KEY_NSHumanReadableCopyright = "";
				LD_RUNPATH_SEARCH_PATHS = (
					"$(inherited)",
					"@executable_path/../Frameworks",
				);
				MARKETING_VERSION = 1.0;
				PRODUCT_BUNDLE_IDENTIFIER = io.kamaal.SelectCopy;
				PRODUCT_NAME = "$(TARGET_NAME)";
				SWIFT_EMIT_LOC_STRINGS = YES;
				SWIFT_OBJC_BRIDGING_HEADER = "SelectCopy/SelectCopy-Bridging-Header.h";
				SWIFT_VERSION = 5.0;
			};
			name = Release;
		};
		2C714D3F2A7FA688004796F5 /* Debug */ = {
			isa = XCBuildConfiguration;
			buildSettings = {
				ASSETCATALOG_COMPILER_APPICON_NAME = AppIcon;
				ASSETCATALOG_COMPILER_GLOBAL_ACCENT_COLOR_NAME = AccentColor;
				CODE_SIGN_ENTITLEMENTS = Playground/Playground.entitlements;
				CODE_SIGN_STYLE = Automatic;
				COMBINE_HIDPI_IMAGES = YES;
				CURRENT_PROJECT_VERSION = 1;
				DEVELOPMENT_ASSET_PATHS = "\"Playground/Preview Content\"";
				DEVELOPMENT_TEAM = DXUKH9VF73;
				ENABLE_HARDENED_RUNTIME = YES;
				ENABLE_PREVIEWS = YES;
				GENERATE_INFOPLIST_FILE = YES;
				INFOPLIST_KEY_NSHumanReadableCopyright = "";
				LD_RUNPATH_SEARCH_PATHS = (
					"$(inherited)",
					"@executable_path/../Frameworks",
				);
				MACOSX_DEPLOYMENT_TARGET = 14.0;
				MARKETING_VERSION = 1.0;
				PRODUCT_BUNDLE_IDENTIFIER = io.kamaal.Playground;
				PRODUCT_NAME = "$(TARGET_NAME)";
				SWIFT_EMIT_LOC_STRINGS = YES;
				SWIFT_VERSION = 5.0;
			};
			name = Debug;
		};
		2C714D402A7FA688004796F5 /* Release */ = {
			isa = XCBuildConfiguration;
			buildSettings = {
				ASSETCATALOG_COMPILER_APPICON_NAME = AppIcon;
				ASSETCATALOG_COMPILER_GLOBAL_ACCENT_COLOR_NAME = AccentColor;
				CODE_SIGN_ENTITLEMENTS = Playground/Playground.entitlements;
				CODE_SIGN_STYLE = Automatic;
				COMBINE_HIDPI_IMAGES = YES;
				CURRENT_PROJECT_VERSION = 1;
				DEVELOPMENT_ASSET_PATHS = "\"Playground/Preview Content\"";
				DEVELOPMENT_TEAM = DXUKH9VF73;
				ENABLE_HARDENED_RUNTIME = YES;
				ENABLE_PREVIEWS = YES;
				GENERATE_INFOPLIST_FILE = YES;
				INFOPLIST_KEY_NSHumanReadableCopyright = "";
				LD_RUNPATH_SEARCH_PATHS = (
					"$(inherited)",
					"@executable_path/../Frameworks",
				);
				MACOSX_DEPLOYMENT_TARGET = 14.0;
				MARKETING_VERSION = 1.0;
				PRODUCT_BUNDLE_IDENTIFIER = io.kamaal.Playground;
				PRODUCT_NAME = "$(TARGET_NAME)";
				SWIFT_EMIT_LOC_STRINGS = YES;
				SWIFT_VERSION = 5.0;
			};
			name = Release;
		};
/* End XCBuildConfiguration section */

/* Begin XCConfigurationList section */
		2C243D732A7C452800CBE04B /* Build configuration list for PBXProject "SelectCopy" */ = {
			isa = XCConfigurationList;
			buildConfigurations = (
				2C243D852A7C452900CBE04B /* Debug */,
				2C243D862A7C452900CBE04B /* Release */,
			);
			defaultConfigurationIsVisible = 0;
			defaultConfigurationName = Release;
		};
		2C243D872A7C452900CBE04B /* Build configuration list for PBXNativeTarget "SelectCopy" */ = {
			isa = XCConfigurationList;
			buildConfigurations = (
				2C243D882A7C452900CBE04B /* Debug */,
				2C243D892A7C452900CBE04B /* Release */,
			);
			defaultConfigurationIsVisible = 0;
			defaultConfigurationName = Release;
		};
		2C714D412A7FA688004796F5 /* Build configuration list for PBXNativeTarget "Playground" */ = {
			isa = XCConfigurationList;
			buildConfigurations = (
				2C714D3F2A7FA688004796F5 /* Debug */,
				2C714D402A7FA688004796F5 /* Release */,
			);
			defaultConfigurationIsVisible = 0;
			defaultConfigurationName = Release;
		};
/* End XCConfigurationList section */

/* Begin XCRemoteSwiftPackageReference section */
		2CA4D3ED2A7EAF3C005FAD6D /* XCRemoteSwiftPackageReference "KamaalSwift" */ = {
			isa = XCRemoteSwiftPackageReference;
			repositoryURL = "https://github.com/Kamaalio/KamaalSwift.git";
			requirement = {
				kind = upToNextMajorVersion;
				minimumVersion = 1.1.1;
			};
		};
/* End XCRemoteSwiftPackageReference section */

/* Begin XCSwiftPackageProductDependency section */
		2C15BC612A7FF8A500E422D8 /* KamaalUtils */ = {
			isa = XCSwiftPackageProductDependency;
			package = 2CA4D3ED2A7EAF3C005FAD6D /* XCRemoteSwiftPackageReference "KamaalSwift" */;
			productName = KamaalUtils;
		};
		2C15BC632A7FF91000E422D8 /* KamaalExtensions */ = {
			isa = XCSwiftPackageProductDependency;
			package = 2CA4D3ED2A7EAF3C005FAD6D /* XCRemoteSwiftPackageReference "KamaalSwift" */;
			productName = KamaalExtensions;
		};
		2C683B9E2A7ED31A008C8D21 /* KamaalSettings */ = {
			isa = XCSwiftPackageProductDependency;
			package = 2CA4D3ED2A7EAF3C005FAD6D /* XCRemoteSwiftPackageReference "KamaalSwift" */;
			productName = KamaalSettings;
		};
		2CE09A382A7FAAA700F63BC4 /* KamaalUI */ = {
			isa = XCSwiftPackageProductDependency;
			package = 2CA4D3ED2A7EAF3C005FAD6D /* XCRemoteSwiftPackageReference "KamaalSwift" */;
			productName = KamaalUI;
		};
		2CF89D0E2A802A1F0062E08A /* KamaalUtils */ = {
			isa = XCSwiftPackageProductDependency;
			package = 2CA4D3ED2A7EAF3C005FAD6D /* XCRemoteSwiftPackageReference "KamaalSwift" */;
			productName = KamaalUtils;
		};
/* End XCSwiftPackageProductDependency section */
	};
	rootObject = 2C243D702A7C452800CBE04B /* Project object */;
}
